PODS:
  - AFNetworking (4.0.1):
    - AFNetworking/NSURLSession (= 4.0.1)
    - AFNetworking/Reachability (= 4.0.1)
    - AFNetworking/Security (= 4.0.1)
    - AFNetworking/Serialization (= 4.0.1)
    - AFNetworking/UIKit (= 4.0.1)
  - AFNetworking/NSURLSession (4.0.1):
    - AFNetworking/Reachability
    - AFNetworking/Security
    - AFNetworking/Serialization
  - AFNetworking/Reachability (4.0.1)
  - AFNetworking/Security (4.0.1)
  - AFNetworking/Serialization (4.0.1)
  - AFNetworking/UIKit (4.0.1):
    - AFNetworking/NSURLSession
  - MBProgressHUD (1.2.0)
  - QYMobileKit (0.14.0):
    - AFNetworking (~> 4.0.1)

DEPENDENCIES:
  - AFNetworking (~> 4.0.1)
  - MBProgressHUD
  - QYMobileKit (from `../`)

SPEC REPOS:
  trunk:
    - AFNetworking
    - MBProgressHUD

EXTERNAL SOURCES:
  QYMobileKit:
    :path: "../"

SPEC CHECKSUMS:
  AFNetworking: 7864c38297c79aaca1500c33288e429c3451fdce
  MBProgressHUD: 3ee5efcc380f6a79a7cc9b363dd669c5e1ae7406
  QYMobileKit: 3e20590f9019dd1a339292268db5e537b39f4d81

PODFILE CHECKSUM: a6f82865eefd2b7a15227cbba18f8639d56dda2d

COCOAPODS: 1.11.2
